// !$*UTF8*$!
{
	archiveVersion = 1;
	classes = {
	};
	objectVersion = 51;
	objects = {

/* Begin PBXBuildFile section */
		10FC638FBE3C0623DF5B11ED /* Pods_Messenger.framework in Frameworks */ = {isa = PBXBuildFile; fileRef = 138588FE3342E7293B711F99 /* Pods_Messenger.framework */; };
		91146F9326D7619D00EB9B81 /* DatabaseManager.swift in Sources */ = {isa = PBXBuildFile; fileRef = 91146F9226D7619D00EB9B81 /* DatabaseManager.swift */; };
		9141311426D5473E004A5F63 /* AppDelegate.swift in Sources */ = {isa = PBXBuildFile; fileRef = 9141311326D5473E004A5F63 /* AppDelegate.swift */; };
		9141311626D5473E004A5F63 /* SceneDelegate.swift in Sources */ = {isa = PBXBuildFile; fileRef = 9141311526D5473E004A5F63 /* SceneDelegate.swift */; };
		9141311826D5473E004A5F63 /* ConversationViewController.swift in Sources */ = {isa = PBXBuildFile; fileRef = 9141311726D5473E004A5F63 /* ConversationViewController.swift */; };
		9141311B26D5473E004A5F63 /* Main.storyboard in Resources */ = {isa = PBXBuildFile; fileRef = 9141311926D5473E004A5F63 /* Main.storyboard */; };
		9141311D26D54741004A5F63 /* Assets.xcassets in Resources */ = {isa = PBXBuildFile; fileRef = 9141311C26D54741004A5F63 /* Assets.xcassets */; };
		9141312026D54741004A5F63 /* LaunchScreen.storyboard in Resources */ = {isa = PBXBuildFile; fileRef = 9141311E26D54741004A5F63 /* LaunchScreen.storyboard */; };
		9141312E26D549DD004A5F63 /* LoginViewController.swift in Sources */ = {isa = PBXBuildFile; fileRef = 9141312D26D549DD004A5F63 /* LoginViewController.swift */; };
		9141313026D549F3004A5F63 /* RegisterViewController.swift in Sources */ = {isa = PBXBuildFile; fileRef = 9141312F26D549F3004A5F63 /* RegisterViewController.swift */; };
		9141313226D54A0F004A5F63 /* PhotoViewerViewController.swift in Sources */ = {isa = PBXBuildFile; fileRef = 9141313126D54A0F004A5F63 /* PhotoViewerViewController.swift */; };
		9141313426D54A1C004A5F63 /* VideoPlayerViewController.swift in Sources */ = {isa = PBXBuildFile; fileRef = 9141313326D54A1C004A5F63 /* VideoPlayerViewController.swift */; };
		9141313626D54A39004A5F63 /* NewConversationViewController.swift in Sources */ = {isa = PBXBuildFile; fileRef = 9141313526D54A39004A5F63 /* NewConversationViewController.swift */; };
		9141313826D54A4D004A5F63 /* ProfileViewController.swift in Sources */ = {isa = PBXBuildFile; fileRef = 9141313726D54A4D004A5F63 /* ProfileViewController.swift */; };
		9141313B26D54E7B004A5F63 /* Extension.swift in Sources */ = {isa = PBXBuildFile; fileRef = 9141313A26D54E7B004A5F63 /* Extension.swift */; };
		91A5A48D26D751B7005C0DFE /* GoogleService-Info.plist in Resources */ = {isa = PBXBuildFile; fileRef = 91A5A48C26D751B7005C0DFE /* GoogleService-Info.plist */; };
/* End PBXBuildFile section */

/* Begin PBXFileReference section */
		138588FE3342E7293B711F99 /* Pods_Messenger.framework */ = {isa = PBXFileReference; explicitFileType = wrapper.framework; includeInIndex = 0; path = Pods_Messenger.framework; sourceTree = BUILT_PRODUCTS_DIR; };
		480591CE876771842543F6CE /* Pods-Messenger.debug.xcconfig */ = {isa = PBXFileReference; includeInIndex = 1; lastKnownFileType = text.xcconfig; name = "Pods-Messenger.debug.xcconfig"; path = "Target Support Files/Pods-Messenger/Pods-Messenger.debug.xcconfig"; sourceTree = "<group>"; };
		5623874F75FD8CAF09CEC0D5 /* Pods-Messenger.release.xcconfig */ = {isa = PBXFileReference; includeInIndex = 1; lastKnownFileType = text.xcconfig; name = "Pods-Messenger.release.xcconfig"; path = "Target Support Files/Pods-Messenger/Pods-Messenger.release.xcconfig"; sourceTree = "<group>"; };
		91146F9226D7619D00EB9B81 /* DatabaseManager.swift */ = {isa = PBXFileReference; lastKnownFileType = sourcecode.swift; path = DatabaseManager.swift; sourceTree = "<group>"; };
		9141311026D5473E004A5F63 /* Messenger.app */ = {isa = PBXFileReference; explicitFileType = wrapper.application; includeInIndex = 0; path = Messenger.app; sourceTree = BUILT_PRODUCTS_DIR; };
		9141311326D5473E004A5F63 /* AppDelegate.swift */ = {isa = PBXFileReference; lastKnownFileType = sourcecode.swift; path = AppDelegate.swift; sourceTree = "<group>"; };
		9141311526D5473E004A5F63 /* SceneDelegate.swift */ = {isa = PBXFileReference; lastKnownFileType = sourcecode.swift; path = SceneDelegate.swift; sourceTree = "<group>"; };
		9141311726D5473E004A5F63 /* ConversationViewController.swift */ = {isa = PBXFileReference; lastKnownFileType = sourcecode.swift; path = ConversationViewController.swift; sourceTree = "<group>"; };
		9141311A26D5473E004A5F63 /* Base */ = {isa = PBXFileReference; lastKnownFileType = file.storyboard; name = Base; path = Base.lproj/Main.storyboard; sourceTree = "<group>"; };
		9141311C26D54741004A5F63 /* Assets.xcassets */ = {isa = PBXFileReference; lastKnownFileType = folder.assetcatalog; path = Assets.xcassets; sourceTree = "<group>"; };
		9141311F26D54741004A5F63 /* Base */ = {isa = PBXFileReference; lastKnownFileType = file.storyboard; name = Base; path = Base.lproj/LaunchScreen.storyboard; sourceTree = "<group>"; };
		9141312126D54741004A5F63 /* Info.plist */ = {isa = PBXFileReference; lastKnownFileType = text.plist.xml; path = Info.plist; sourceTree = "<group>"; };
		9141312D26D549DD004A5F63 /* LoginViewController.swift */ = {isa = PBXFileReference; lastKnownFileType = sourcecode.swift; path = LoginViewController.swift; sourceTree = "<group>"; };
		9141312F26D549F3004A5F63 /* RegisterViewController.swift */ = {isa = PBXFileReference; lastKnownFileType = sourcecode.swift; path = RegisterViewController.swift; sourceTree = "<group>"; };
		9141313126D54A0F004A5F63 /* PhotoViewerViewController.swift */ = {isa = PBXFileReference; lastKnownFileType = sourcecode.swift; path = PhotoViewerViewController.swift; sourceTree = "<group>"; };
		9141313326D54A1C004A5F63 /* VideoPlayerViewController.swift */ = {isa = PBXFileReference; lastKnownFileType = sourcecode.swift; path = VideoPlayerViewController.swift; sourceTree = "<group>"; };
		9141313526D54A39004A5F63 /* NewConversationViewController.swift */ = {isa = PBXFileReference; lastKnownFileType = sourcecode.swift; path = NewConversationViewController.swift; sourceTree = "<group>"; };
		9141313726D54A4D004A5F63 /* ProfileViewController.swift */ = {isa = PBXFileReference; lastKnownFileType = sourcecode.swift; path = ProfileViewController.swift; sourceTree = "<group>"; };
		9141313A26D54E7B004A5F63 /* Extension.swift */ = {isa = PBXFileReference; lastKnownFileType = sourcecode.swift; path = Extension.swift; sourceTree = "<group>"; };
		91A5A48C26D751B7005C0DFE /* GoogleService-Info.plist */ = {isa = PBXFileReference; fileEncoding = 4; lastKnownFileType = text.plist.xml; path = "GoogleService-Info.plist"; sourceTree = "<group>"; };
/* End PBXFileReference section */

/* Begin PBXFrameworksBuildPhase section */
		9141310D26D5473D004A5F63 /* Frameworks */ = {
			isa = PBXFrameworksBuildPhase;
			buildActionMask = 2147483647;
			files = (
				10FC638FBE3C0623DF5B11ED /* Pods_Messenger.framework in Frameworks */,
			);
			runOnlyForDeploymentPostprocessing = 0;
		};
/* End PBXFrameworksBuildPhase section */

/* Begin PBXGroup section */
		9141310726D5473D004A5F63 = {
			isa = PBXGroup;
			children = (
				9141311226D5473E004A5F63 /* Messenger */,
				9141311126D5473E004A5F63 /* Products */,
				B992683FC8BE414954DCCAEA /* Pods */,
				AC3979A29ABF35EFB84F96A6 /* Frameworks */,
			);
			sourceTree = "<group>";
		};
		9141311126D5473E004A5F63 /* Products */ = {
			isa = PBXGroup;
			children = (
				9141311026D5473E004A5F63 /* Messenger.app */,
			);
			name = Products;
			sourceTree = "<group>";
		};
		9141311226D5473E004A5F63 /* Messenger */ = {
			isa = PBXGroup;
			children = (
				9141312B26D548F2004A5F63 /* Resources */,
				9141312A26D548E9004A5F63 /* ViewModels */,
				9141312926D548DA004A5F63 /* Models */,
				9141312826D548D4004A5F63 /* Views */,
				9141312726D548BD004A5F63 /* Controllers */,
				9141312126D54741004A5F63 /* Info.plist */,
				91A5A48C26D751B7005C0DFE /* GoogleService-Info.plist */,
			);
			path = Messenger;
			sourceTree = "<group>";
		};
		9141312726D548BD004A5F63 /* Controllers */ = {
			isa = PBXGroup;
			children = (
				9141311726D5473E004A5F63 /* ConversationViewController.swift */,
				9141313926D54B18004A5F63 /* Login */,
				9141313126D54A0F004A5F63 /* PhotoViewerViewController.swift */,
				9141313326D54A1C004A5F63 /* VideoPlayerViewController.swift */,
				9141313526D54A39004A5F63 /* NewConversationViewController.swift */,
				9141313726D54A4D004A5F63 /* ProfileViewController.swift */,
			);
			path = Controllers;
			sourceTree = "<group>";
		};
		9141312826D548D4004A5F63 /* Views */ = {
			isa = PBXGroup;
			children = (
				9141312C26D54918004A5F63 /* Storyboards */,
				9141311C26D54741004A5F63 /* Assets.xcassets */,
			);
			path = Views;
			sourceTree = "<group>";
		};
		9141312926D548DA004A5F63 /* Models */ = {
			isa = PBXGroup;
			children = (
			);
			path = Models;
			sourceTree = "<group>";
		};
		9141312A26D548E9004A5F63 /* ViewModels */ = {
			isa = PBXGroup;
			children = (
			);
			path = ViewModels;
			sourceTree = "<group>";
		};
		9141312B26D548F2004A5F63 /* Resources */ = {
			isa = PBXGroup;
			children = (
				9141311326D5473E004A5F63 /* AppDelegate.swift */,
				9141311526D5473E004A5F63 /* SceneDelegate.swift */,
				9141313A26D54E7B004A5F63 /* Extension.swift */,
				91146F9226D7619D00EB9B81 /* DatabaseManager.swift */,
			);
			path = Resources;
			sourceTree = "<group>";
		};
		9141312C26D54918004A5F63 /* Storyboards */ = {
			isa = PBXGroup;
			children = (
				9141311926D5473E004A5F63 /* Main.storyboard */,
				9141311E26D54741004A5F63 /* LaunchScreen.storyboard */,
			);
			path = Storyboards;
			sourceTree = "<group>";
		};
		9141313926D54B18004A5F63 /* Login */ = {
			isa = PBXGroup;
			children = (
				9141312D26D549DD004A5F63 /* LoginViewController.swift */,
				9141312F26D549F3004A5F63 /* RegisterViewController.swift */,
			);
			path = Login;
			sourceTree = "<group>";
		};
		AC3979A29ABF35EFB84F96A6 /* Frameworks */ = {
			isa = PBXGroup;
			children = (
				138588FE3342E7293B711F99 /* Pods_Messenger.framework */,
			);
			name = Frameworks;
			sourceTree = "<group>";
		};
		B992683FC8BE414954DCCAEA /* Pods */ = {
			isa = PBXGroup;
			children = (
				480591CE876771842543F6CE /* Pods-Messenger.debug.xcconfig */,
				5623874F75FD8CAF09CEC0D5 /* Pods-Messenger.release.xcconfig */,
			);
			path = Pods;
			sourceTree = "<group>";
		};
/* End PBXGroup section */

/* Begin PBXNativeTarget section */
		9141310F26D5473D004A5F63 /* Messenger */ = {
			isa = PBXNativeTarget;
			buildConfigurationList = 9141312426D54741004A5F63 /* Build configuration list for PBXNativeTarget "Messenger" */;
			buildPhases = (
				488543BAF489E9F998FD911E /* [CP] Check Pods Manifest.lock */,
				9141310C26D5473D004A5F63 /* Sources */,
				9141310D26D5473D004A5F63 /* Frameworks */,
				9141310E26D5473D004A5F63 /* Resources */,
				2818B4971F940CEDC298B1D0 /* [CP] Embed Pods Frameworks */,
				57CA50A3764A7A446508525A /* [CP] Copy Pods Resources */,
			);
			buildRules = (
			);
			dependencies = (
			);
			name = Messenger;
			productName = Messenger;
			productReference = 9141311026D5473E004A5F63 /* Messenger.app */;
			productType = "com.apple.product-type.application";
		};
/* End PBXNativeTarget section */

/* Begin PBXProject section */
		9141310826D5473D004A5F63 /* Project object */ = {
			isa = PBXProject;
			attributes = {
				LastSwiftUpdateCheck = 1250;
				LastUpgradeCheck = 1250;
				TargetAttributes = {
					9141310F26D5473D004A5F63 = {
						CreatedOnToolsVersion = 12.5;
					};
				};
			};
			buildConfigurationList = 9141310B26D5473D004A5F63 /* Build configuration list for PBXProject "Messenger" */;
			compatibilityVersion = "Xcode 9.3";
			developmentRegion = en;
			hasScannedForEncodings = 0;
			knownRegions = (
				en,
				Base,
			);
			mainGroup = 9141310726D5473D004A5F63;
			productRefGroup = 9141311126D5473E004A5F63 /* Products */;
			projectDirPath = "";
			projectRoot = "";
			targets = (
				9141310F26D5473D004A5F63 /* Messenger */,
			);
		};
/* End PBXProject section */

/* Begin PBXResourcesBuildPhase section */
		9141310E26D5473D004A5F63 /* Resources */ = {
			isa = PBXResourcesBuildPhase;
			buildActionMask = 2147483647;
			files = (
				9141312026D54741004A5F63 /* LaunchScreen.storyboard in Resources */,
				91A5A48D26D751B7005C0DFE /* GoogleService-Info.plist in Resources */,
				9141311D26D54741004A5F63 /* Assets.xcassets in Resources */,
				9141311B26D5473E004A5F63 /* Main.storyboard in Resources */,
			);
			runOnlyForDeploymentPostprocessing = 0;
		};
/* End PBXResourcesBuildPhase section */

/* Begin PBXShellScriptBuildPhase section */
		2818B4971F940CEDC298B1D0 /* [CP] Embed Pods Frameworks */ = {
			isa = PBXShellScriptBuildPhase;
			buildActionMask = 2147483647;
			files = (
			);
			inputFileListPaths = (
				"${PODS_ROOT}/Target Support Files/Pods-Messenger/Pods-Messenger-frameworks-${CONFIGURATION}-input-files.xcfilelist",
			);
			name = "[CP] Embed Pods Frameworks";
			outputFileListPaths = (
				"${PODS_ROOT}/Target Support Files/Pods-Messenger/Pods-Messenger-frameworks-${CONFIGURATION}-output-files.xcfilelist",
			);
			runOnlyForDeploymentPostprocessing = 0;
			shellPath = /bin/sh;
			shellScript = "\"${PODS_ROOT}/Target Support Files/Pods-Messenger/Pods-Messenger-frameworks.sh\"\n";
			showEnvVarsInLog = 0;
		};
		488543BAF489E9F998FD911E /* [CP] Check Pods Manifest.lock */ = {
			isa = PBXShellScriptBuildPhase;
			buildActionMask = 2147483647;
			files = (
			);
			inputFileListPaths = (
			);
			inputPaths = (
				"${PODS_PODFILE_DIR_PATH}/Podfile.lock",
				"${PODS_ROOT}/Manifest.lock",
			);
			name = "[CP] Check Pods Manifest.lock";
			outputFileListPaths = (
			);
			outputPaths = (
				"$(DERIVED_FILE_DIR)/Pods-Messenger-checkManifestLockResult.txt",
			);
			runOnlyForDeploymentPostprocessing = 0;
			shellPath = /bin/sh;
			shellScript = "diff \"${PODS_PODFILE_DIR_PATH}/Podfile.lock\" \"${PODS_ROOT}/Manifest.lock\" > /dev/null\nif [ $? != 0 ] ; then\n    # print error to STDERR\n    echo \"error: The sandbox is not in sync with the Podfile.lock. Run 'pod install' or update your CocoaPods installation.\" >&2\n    exit 1\nfi\n# This output is used by Xcode 'outputs' to avoid re-running this script phase.\necho \"SUCCESS\" > \"${SCRIPT_OUTPUT_FILE_0}\"\n";
			showEnvVarsInLog = 0;
		};
		57CA50A3764A7A446508525A /* [CP] Copy Pods Resources */ = {
			isa = PBXShellScriptBuildPhase;
			buildActionMask = 2147483647;
			files = (
			);
			inputFileListPaths = (
				"${PODS_ROOT}/Target Support Files/Pods-Messenger/Pods-Messenger-resources-${CONFIGURATION}-input-files.xcfilelist",
			);
			name = "[CP] Copy Pods Resources";
			outputFileListPaths = (
				"${PODS_ROOT}/Target Support Files/Pods-Messenger/Pods-Messenger-resources-${CONFIGURATION}-output-files.xcfilelist",
			);
			runOnlyForDeploymentPostprocessing = 0;
			shellPath = /bin/sh;
			shellScript = "\"${PODS_ROOT}/Target Support Files/Pods-Messenger/Pods-Messenger-resources.sh\"\n";
			showEnvVarsInLog = 0;
		};
/* End PBXShellScriptBuildPhase section */

/* Begin PBXSourcesBuildPhase section */
		9141310C26D5473D004A5F63 /* Sources */ = {
			isa = PBXSourcesBuildPhase;
			buildActionMask = 2147483647;
			files = (
				9141312E26D549DD004A5F63 /* LoginViewController.swift in Sources */,
				91146F9326D7619D00EB9B81 /* DatabaseManager.swift in Sources */,
				9141313026D549F3004A5F63 /* RegisterViewController.swift in Sources */,
				9141313626D54A39004A5F63 /* NewConversationViewController.swift in Sources */,
				9141311826D5473E004A5F63 /* ConversationViewController.swift in Sources */,
				9141313426D54A1C004A5F63 /* VideoPlayerViewController.swift in Sources */,
				9141313B26D54E7B004A5F63 /* Extension.swift in Sources */,
				9141311426D5473E004A5F63 /* AppDelegate.swift in Sources */,
				9141313826D54A4D004A5F63 /* ProfileViewController.swift in Sources */,
				9141311626D5473E004A5F63 /* SceneDelegate.swift in Sources */,
				9141313226D54A0F004A5F63 /* PhotoViewerViewController.swift in Sources */,
			);
			runOnlyForDeploymentPostprocessing = 0;
		};
/* End PBXSourcesBuildPhase section */

/* Begin PBXVariantGroup section */
		9141311926D5473E004A5F63 /* Main.storyboard */ = {
			isa = PBXVariantGroup;
			children = (
				9141311A26D5473E004A5F63 /* Base */,
			);
			name = Main.storyboard;
			sourceTree = "<group>";
		};
		9141311E26D54741004A5F63 /* LaunchScreen.storyboard */ = {
			isa = PBXVariantGroup;
			children = (
				9141311F26D54741004A5F63 /* Base */,
			);
			name = LaunchScreen.storyboard;
			sourceTree = "<group>";
		};
/* End PBXVariantGroup section */

/* Begin XCBuildConfiguration section */
		9141312226D54741004A5F63 /* Debug */ = {
			isa = XCBuildConfiguration;
			buildSettings = {
				ALWAYS_SEARCH_USER_PATHS = NO;
				CLANG_ANALYZER_NONNULL = YES;
				CLANG_ANALYZER_NUMBER_OBJECT_CONVERSION = YES_AGGRESSIVE;
				CLANG_CXX_LANGUAGE_STANDARD = "gnu++14";
				CLANG_CXX_LIBRARY = "libc++";
				CLANG_ENABLE_MODULES = YES;
				CLANG_ENABLE_OBJC_ARC = YES;
				CLANG_ENABLE_OBJC_WEAK = YES;
				CLANG_WARN_BLOCK_CAPTURE_AUTORELEASING = YES;
				CLANG_WARN_BOOL_CONVERSION = YES;
				CLANG_WARN_COMMA = YES;
				CLANG_WARN_CONSTANT_CONVERSION = YES;
				CLANG_WARN_DEPRECATED_OBJC_IMPLEMENTATIONS = YES;
				CLANG_WARN_DIRECT_OBJC_ISA_USAGE = YES_ERROR;
				CLANG_WARN_DOCUMENTATION_COMMENTS = YES;
				CLANG_WARN_EMPTY_BODY = YES;
				CLANG_WARN_ENUM_CONVERSION = YES;
				CLANG_WARN_INFINITE_RECURSION = YES;
				CLANG_WARN_INT_CONVERSION = YES;
				CLANG_WARN_NON_LITERAL_NULL_CONVERSION = YES;
				CLANG_WARN_OBJC_IMPLICIT_RETAIN_SELF = YES;
				CLANG_WARN_OBJC_LITERAL_CONVERSION = YES;
				CLANG_WARN_OBJC_ROOT_CLASS = YES_ERROR;
				CLANG_WARN_QUOTED_INCLUDE_IN_FRAMEWORK_HEADER = YES;
				CLANG_WARN_RANGE_LOOP_ANALYSIS = YES;
				CLANG_WARN_STRICT_PROTOTYPES = YES;
				CLANG_WARN_SUSPICIOUS_MOVE = YES;
				CLANG_WARN_UNGUARDED_AVAILABILITY = YES_AGGRESSIVE;
				CLANG_WARN_UNREACHABLE_CODE = YES;
				CLANG_WARN__DUPLICATE_METHOD_MATCH = YES;
				COPY_PHASE_STRIP = NO;
				DEBUG_INFORMATION_FORMAT = dwarf;
				ENABLE_STRICT_OBJC_MSGSEND = YES;
				ENABLE_TESTABILITY = YES;
				GCC_C_LANGUAGE_STANDARD = gnu11;
				GCC_DYNAMIC_NO_PIC = NO;
				GCC_NO_COMMON_BLOCKS = YES;
				GCC_OPTIMIZATION_LEVEL = 0;
				GCC_PREPROCESSOR_DEFINITIONS = (
					"DEBUG=1",
					"$(inherited)",
				);
				GCC_WARN_64_TO_32_BIT_CONVERSION = YES;
				GCC_WARN_ABOUT_RETURN_TYPE = YES_ERROR;
				GCC_WARN_UNDECLARED_SELECTOR = YES;
				GCC_WARN_UNINITIALIZED_AUTOS = YES_AGGRESSIVE;
				GCC_WARN_UNUSED_FUNCTION = YES;
				GCC_WARN_UNUSED_VARIABLE = YES;
				IPHONEOS_DEPLOYMENT_TARGET = 14.5;
				MTL_ENABLE_DEBUG_INFO = INCLUDE_SOURCE;
				MTL_FAST_MATH = YES;
				ONLY_ACTIVE_ARCH = YES;
				SDKROOT = iphoneos;
				SWIFT_ACTIVE_COMPILATION_CONDITIONS = DEBUG;
				SWIFT_OPTIMIZATION_LEVEL = "-Onone";
			};
			name = Debug;
		};
		9141312326D54741004A5F63 /* Release */ = {
			isa = XCBuildConfiguration;
			buildSettings = {
				ALWAYS_SEARCH_USER_PATHS = NO;
				CLANG_ANALYZER_NONNULL = YES;
				CLANG_ANALYZER_NUMBER_OBJECT_CONVERSION = YES_AGGRESSIVE;
				CLANG_CXX_LANGUAGE_STANDARD = "gnu++14";
				CLANG_CXX_LIBRARY = "libc++";
				CLANG_ENABLE_MODULES = YES;
				CLANG_ENABLE_OBJC_ARC = YES;
				CLANG_ENABLE_OBJC_WEAK = YES;
				CLANG_WARN_BLOCK_CAPTURE_AUTORELEASING = YES;
				CLANG_WARN_BOOL_CONVERSION = YES;
				CLANG_WARN_COMMA = YES;
				CLANG_WARN_CONSTANT_CONVERSION = YES;
				CLANG_WARN_DEPRECATED_OBJC_IMPLEMENTATIONS = YES;
				CLANG_WARN_DIRECT_OBJC_ISA_USAGE = YES_ERROR;
				CLANG_WARN_DOCUMENTATION_COMMENTS = YES;
				CLANG_WARN_EMPTY_BODY = YES;
				CLANG_WARN_ENUM_CONVERSION = YES;
				CLANG_WARN_INFINITE_RECURSION = YES;
				CLANG_WARN_INT_CONVERSION = YES;
				CLANG_WARN_NON_LITERAL_NULL_CONVERSION = YES;
				CLANG_WARN_OBJC_IMPLICIT_RETAIN_SELF = YES;
				CLANG_WARN_OBJC_LITERAL_CONVERSION = YES;
				CLANG_WARN_OBJC_ROOT_CLASS = YES_ERROR;
				CLANG_WARN_QUOTED_INCLUDE_IN_FRAMEWORK_HEADER = YES;
				CLANG_WARN_RANGE_LOOP_ANALYSIS = YES;
				CLANG_WARN_STRICT_PROTOTYPES = YES;
				CLANG_WARN_SUSPICIOUS_MOVE = YES;
				CLANG_WARN_UNGUARDED_AVAILABILITY = YES_AGGRESSIVE;
				CLANG_WARN_UNREACHABLE_CODE = YES;
				CLANG_WARN__DUPLICATE_METHOD_MATCH = YES;
				COPY_PHASE_STRIP = NO;
				DEBUG_INFORMATION_FORMAT = "dwarf-with-dsym";
				ENABLE_NS_ASSERTIONS = NO;
				ENABLE_STRICT_OBJC_MSGSEND = YES;
				GCC_C_LANGUAGE_STANDARD = gnu11;
				GCC_NO_COMMON_BLOCKS = YES;
				GCC_WARN_64_TO_32_BIT_CONVERSION = YES;
				GCC_WARN_ABOUT_RETURN_TYPE = YES_ERROR;
				GCC_WARN_UNDECLARED_SELECTOR = YES;
				GCC_WARN_UNINITIALIZED_AUTOS = YES_AGGRESSIVE;
				GCC_WARN_UNUSED_FUNCTION = YES;
				GCC_WARN_UNUSED_VARIABLE = YES;
				IPHONEOS_DEPLOYMENT_TARGET = 14.5;
				MTL_ENABLE_DEBUG_INFO = NO;
				MTL_FAST_MATH = YES;
				SDKROOT = iphoneos;
				SWIFT_COMPILATION_MODE = wholemodule;
				SWIFT_OPTIMIZATION_LEVEL = "-O";
				VALIDATE_PRODUCT = YES;
			};
			name = Release;
		};
		9141312526D54741004A5F63 /* Debug */ = {
			isa = XCBuildConfiguration;
			baseConfigurationReference = 480591CE876771842543F6CE /* Pods-Messenger.debug.xcconfig */;
			buildSettings = {
				ASSETCATALOG_COMPILER_APPICON_NAME = AppIcon;
				ASSETCATALOG_COMPILER_GLOBAL_ACCENT_COLOR_NAME = AccentColor;
				CODE_SIGN_STYLE = Automatic;
				INFOPLIST_FILE = Messenger/Info.plist;
				IPHONEOS_DEPLOYMENT_TARGET = 13.0;
				LD_RUNPATH_SEARCH_PATHS = (
					"$(inherited)",
					"@executable_path/Frameworks",
				);
				PRODUCT_BUNDLE_IDENTIFIER = kimjongseo.Messenger;
				PRODUCT_NAME = "$(TARGET_NAME)";
				SWIFT_VERSION = 5.0;
				TARGETED_DEVICE_FAMILY = "1,2";
			};
			name = Debug;
		};
		9141312626D54741004A5F63 /* Release */ = {
			isa = XCBuildConfiguration;
			baseConfigurationReference = 5623874F75FD8CAF09CEC0D5 /* Pods-Messenger.release.xcconfig */;
			buildSettings = {
				ASSETCATALOG_COMPILER_APPICON_NAME = AppIcon;
				ASSETCATALOG_COMPILER_GLOBAL_ACCENT_COLOR_NAME = AccentColor;
				CODE_SIGN_STYLE = Automatic;
				INFOPLIST_FILE = Messenger/Info.plist;
				IPHONEOS_DEPLOYMENT_TARGET = 13.0;
				LD_RUNPATH_SEARCH_PATHS = (
					"$(inherited)",
					"@executable_path/Frameworks",
				);
				PRODUCT_BUNDLE_IDENTIFIER = kimjongseo.Messenger;
				PRODUCT_NAME = "$(TARGET_NAME)";
				SWIFT_VERSION = 5.0;
				TARGETED_DEVICE_FAMILY = "1,2";
			};
			name = Release;
		};
/* End XCBuildConfiguration section */

/* Begin XCConfigurationList section */
		9141310B26D5473D004A5F63 /* Build configuration list for PBXProject "Messenger" */ = {
			isa = XCConfigurationList;
			buildConfigurations = (
				9141312226D54741004A5F63 /* Debug */,
				9141312326D54741004A5F63 /* Release */,
			);
			defaultConfigurationIsVisible = 0;
			defaultConfigurationName = Release;
		};
		9141312426D54741004A5F63 /* Build configuration list for PBXNativeTarget "Messenger" */ = {
			isa = XCConfigurationList;
			buildConfigurations = (
				9141312526D54741004A5F63 /* Debug */,
				9141312626D54741004A5F63 /* Release */,
			);
			defaultConfigurationIsVisible = 0;
			defaultConfigurationName = Release;
		};
/* End XCConfigurationList section */
	};
	rootObject = 9141310826D5473D004A5F63 /* Project object */;
}
